
Microsoft Visual Studio Solution File, Format Version 12.00
# Visual Studio 15
VisualStudioVersion = 15.0.28010.2036
MinimumVisualStudioVersion = 10.0.40219.1
Project("{FAE04EC0-301F-11D3-BF4B-00C04F79EFBC}") = "Bbt1", "Bbt1\Bbt1.csproj", "{77AC4B55-C27E-4636-9B9F-08FBFF213FF9}"
EndProject
Global
	GlobalSection(SolutionConfigurationPlatforms) = preSolution
		Debug|Any CPU = Debug|Any CPU
		Release|Any CPU = Release|Any CPU
	EndGlobalSection
	GlobalSection(ProjectConfigurationPlatforms) = postSolution
		{77AC4B55-C27E-4636-9B9F-08FBFF213FF9}.Debug|Any CPU.ActiveCfg = Debug|Any CPU
		{77AC4B55-C27E-4636-9B9F-08FBFF213FF9}.Debug|Any CPU.Build.0 = Debug|Any CPU
		{77AC4B55-C27E-4636-9B9F-08FBFF213FF9}.Release|Any CPU.ActiveCfg = Release|Any CPU
		{77AC4B55-C27E-4636-9B9F-08FBFF213FF9}.Release|Any CPU.Build.0 = Release|Any CPU
	EndGlobalSection
	GlobalSection(SolutionProperties) = preSolution
		HideSolutionNode = FALSE
	EndGlobalSection
	GlobalSection(ExtensibilityGlobals) = postSolution
		SolutionGuid = {2A430A83-E37D-447F-A707-7C0E24A6EF8D}
	EndGlobalSection
EndGlobal
